
Microsoft Visual Studio Solution File, Format Version 12.00
# Visual Studio Version 17
VisualStudioVersion = 17.1.32414.318
MinimumVisualStudioVersion = 10.0.40219.1
Project("{9A19103F-16F7-4668-BE54-9A1E7A4F7556}") = "App", "App\App.csproj", "{982E75E1-BC94-4F89-BF9B-8233C01427A4}"
EndProject
Project("{9A19103F-16F7-4668-BE54-9A1E7A4F7556}") = "HashGenerator", "HashGenerator\HashGenerator.csproj", "{FC909C4D-ABE9-49F5-97FF-F5C1A750C4B7}"
EndProject
Project("{2150E333-8FDC-42A3-9474-1A3956D46DE8}") = "Settings", "Settings", "{87E09C4C-6948-4DD6-9279-E1C4D561BD5C}"
	ProjectSection(SolutionItems) = preProject
		..\.editorconfig = ..\.editorconfig
	EndProjectSection
EndProject
Project("{FAE04EC0-301F-11D3-BF4B-00C04F79EFBC}") = "HashGenerator.Tests", "HashGenerator.Tests\HashGenerator.Tests.csproj", "{607C1AC4-3E37-4DA3-AB00-92D5493561BC}"
EndProject
Global
	GlobalSection(SolutionConfigurationPlatforms) = preSolution
		Debug|Any CPU = Debug|Any CPU
		Release|Any CPU = Release|Any CPU
	EndGlobalSection
	GlobalSection(ProjectConfigurationPlatforms) = postSolution
		{982E75E1-BC94-4F89-BF9B-8233C01427A4}.Debug|Any CPU.ActiveCfg = Debug|Any CPU
		{982E75E1-BC94-4F89-BF9B-8233C01427A4}.Debug|Any CPU.Build.0 = Debug|Any CPU
		{982E75E1-BC94-4F89-BF9B-8233C01427A4}.Release|Any CPU.ActiveCfg = Release|Any CPU
		{982E75E1-BC94-4F89-BF9B-8233C01427A4}.Release|Any CPU.Build.0 = Release|Any CPU
		{FC909C4D-ABE9-49F5-97FF-F5C1A750C4B7}.Debug|Any CPU.ActiveCfg = Debug|Any CPU
		{FC909C4D-ABE9-49F5-97FF-F5C1A750C4B7}.Debug|Any CPU.Build.0 = Debug|Any CPU
		{FC909C4D-ABE9-49F5-97FF-F5C1A750C4B7}.Release|Any CPU.ActiveCfg = Release|Any CPU
		{FC909C4D-ABE9-49F5-97FF-F5C1A750C4B7}.Release|Any CPU.Build.0 = Release|Any CPU
		{607C1AC4-3E37-4DA3-AB00-92D5493561BC}.Debug|Any CPU.ActiveCfg = Debug|Any CPU
		{607C1AC4-3E37-4DA3-AB00-92D5493561BC}.Debug|Any CPU.Build.0 = Debug|Any CPU
		{607C1AC4-3E37-4DA3-AB00-92D5493561BC}.Release|Any CPU.ActiveCfg = Release|Any CPU
		{607C1AC4-3E37-4DA3-AB00-92D5493561BC}.Release|Any CPU.Build.0 = Release|Any CPU
	EndGlobalSection
	GlobalSection(SolutionProperties) = preSolution
		HideSolutionNode = FALSE
	EndGlobalSection
	GlobalSection(ExtensibilityGlobals) = postSolution
		SolutionGuid = {89F2C674-0214-4AF3-AC5D-7CBC753741F5}
	EndGlobalSection
EndGlobal
